
Microsoft Visual Studio Solution File, Format Version 12.00
# Visual Studio Version 17
VisualStudioVersion = 17.14.36109.1 d17.14
MinimumVisualStudioVersion = 10.0.40219.1
Project("{FAE04EC0-301F-11D3-BF4B-00C04F79EFBC}") = "SMSApp", "SMSApp\SMSApp.csproj", "{ADB59788-1D08-4E07-8852-866750405E0D}"
EndProject
Global
	GlobalSection(SolutionConfigurationPlatforms) = preSolution
		Debug|Any CPU = Debug|Any CPU
		Release|Any CPU = Release|Any CPU
	EndGlobalSection
	GlobalSection(ProjectConfigurationPlatforms) = postSolution
		{ADB59788-1D08-4E07-8852-866750405E0D}.Debug|Any CPU.ActiveCfg = Debug|Any CPU
		{ADB59788-1D08-4E07-8852-866750405E0D}.Debug|Any CPU.Build.0 = Debug|Any CPU
		{ADB59788-1D08-4E07-8852-866750405E0D}.Release|Any CPU.ActiveCfg = Release|Any CPU
		{ADB59788-1D08-4E07-8852-866750405E0D}.Release|Any CPU.Build.0 = Release|Any CPU
	EndGlobalSection
	GlobalSection(SolutionProperties) = preSolution
		HideSolutionNode = FALSE
	EndGlobalSection
	GlobalSection(ExtensibilityGlobals) = postSolution
		SolutionGuid = {29DC5946-8F75-412A-8117-AACB8A82C96E}
	EndGlobalSection
EndGlobal
